{
  "name": "demo-repo",
  "version": "0.2.0",
  "lockfileVersion": 3,
  "requires": true,
  "packages": {
    "": {
      "name": "demo-repo",
      "version": "0.2.0",
      "license": "MIT",
      "dependencies": {
        "@primer/css": "22.3.1"
      }
    },
    "node_modules/@primer/css": {
      "version": "22.3.1",
      "resolved": "https://registry.npmjs.org/@primer/css/-/css-22.3.1.tgz",
      "integrity": "sha512-On83J/iardLZWnvHyRFteVu8tXItYqu0o/u1DXNnpVmxX24eOhnWzeqaryBmf2q0CIJQECP9fh5PQymdWZ+tjQ==",
      "license": "MIT",
      "engines": {
        "node": ">=16.0.0"
      },
      "peerDependencies": {
        "@primer/primitives": "10.x || 11.x"
      }
    },
    "node_modules/@primer/primitives": {
      "version": "11.3.1",
      "resolved": "https://registry.npmjs.org/@primer/primitives/-/primitives-11.3.1.tgz",
      "integrity": "sha512-f5FXeUHQ0iyxt1UF6MqeajQ9jRV/7uOGLECU5KuFWhMioCZOho09jS6alZA9tiwksHr2LYXfo7AdFczpEz3Npw==",
      "license": "MIT",
      "peer": true
    }
  }
}
