{
  "name": "demo-repo",
  "version": "0.2.0",
  "lockfileVersion": 3,
  "requires": true,
  "packages": {
    "": {
      "name": "demo-repo",
      "version": "0.2.0",
      "license": "MIT",
      "dependencies": {
        "@primer/css": "17.11.1"
      }
    },
    "node_modules/@primer/css": {
      "version": "17.11.1",
      "resolved": "https://registry.npmjs.org/@primer/css/-/css-17.11.1.tgz",
      "integrity": "sha512-9IAan2XO9D54VvSjNP7QZ3C62XMqIf6ltSnIGYh32HDaQuv8LbpptaAqH3bOrJl34Bwn40xI5qWt2vJwKYnFyA==",
      "license": "MIT",
      "dependencies": {
        "@primer/primitives": "^4.7.1"
      },
      "engines": {
        "node": "^12.20.0 || ^14.13.1 || >=16.0.0"
      }
    },
    "node_modules/@primer/primitives": {
      "version": "4.8.1",
      "resolved": "https://registry.npmjs.org/@primer/primitives/-/primitives-4.8.1.tgz",
      "integrity": "sha512-mgr6+EKpn4DixuhLt3drk7QmNQO8M7RYONWovg1nkV7p56jklhDLfZmp1luLUee37eQGAxx3ToStL6gqINFjnQ==",
      "license": "MIT"
    }
  }
}
